
Microsoft Visual Studio Solution File, Format Version 12.00
# Visual Studio 15
VisualStudioVersion = 15.0.28010.2003
MinimumVisualStudioVersion = 10.0.40219.1
Project("{9A19103F-16F7-4668-BE54-9A1E7A4F7556}") = "CES", "CES\CES.csproj", "{3C2BCEAC-E1F7-4AE5-BF9C-E6991FC7FC9B}"
EndProject
Project("{9A19103F-16F7-4668-BE54-9A1E7A4F7556}") = "CoinExchange", "CoinExchange\CoinExchange.csproj", "{82241420-E366-4635-A219-BDD53FE4549F}"
EndProject
Global
	GlobalSection(SolutionConfigurationPlatforms) = preSolution
		Debug|Any CPU = Debug|Any CPU
		Release|Any CPU = Release|Any CPU
	EndGlobalSection
	GlobalSection(ProjectConfigurationPlatforms) = postSolution
		{3C2BCEAC-E1F7-4AE5-BF9C-E6991FC7FC9B}.Debug|Any CPU.ActiveCfg = Debug|Any CPU
		{3C2BCEAC-E1F7-4AE5-BF9C-E6991FC7FC9B}.Debug|Any CPU.Build.0 = Debug|Any CPU
		{3C2BCEAC-E1F7-4AE5-BF9C-E6991FC7FC9B}.Release|Any CPU.ActiveCfg = Release|Any CPU
		{3C2BCEAC-E1F7-4AE5-BF9C-E6991FC7FC9B}.Release|Any CPU.Build.0 = Release|Any CPU
		{82241420-E366-4635-A219-BDD53FE4549F}.Debug|Any CPU.ActiveCfg = Debug|Any CPU
		{82241420-E366-4635-A219-BDD53FE4549F}.Debug|Any CPU.Build.0 = Debug|Any CPU
		{82241420-E366-4635-A219-BDD53FE4549F}.Release|Any CPU.ActiveCfg = Release|Any CPU
		{82241420-E366-4635-A219-BDD53FE4549F}.Release|Any CPU.Build.0 = Release|Any CPU
	EndGlobalSection
	GlobalSection(SolutionProperties) = preSolution
		HideSolutionNode = FALSE
	EndGlobalSection
	GlobalSection(ExtensibilityGlobals) = postSolution
		SolutionGuid = {0524E1B2-470F-4761-A2BB-B76CD2FAA01E}
	EndGlobalSection
EndGlobal
