
Microsoft Visual Studio Solution File, Format Version 12.00
# Visual Studio 15
VisualStudioVersion = 15.0.28307.168
MinimumVisualStudioVersion = 10.0.40219.1
Project("{FAE04EC0-301F-11D3-BF4B-00C04F79EFBC}") = "Zoro-Gui", "Zoro-Gui\Zoro-Gui.csproj", "{8071AC5C-387C-495C-BFAF-7E1679A26FCE}"
EndProject
Global
	GlobalSection(SolutionConfigurationPlatforms) = preSolution
		Debug|Any CPU = Debug|Any CPU
		Release|Any CPU = Release|Any CPU
	EndGlobalSection
	GlobalSection(ProjectConfigurationPlatforms) = postSolution
		{8071AC5C-387C-495C-BFAF-7E1679A26FCE}.Debug|Any CPU.ActiveCfg = Debug|Any CPU
		{8071AC5C-387C-495C-BFAF-7E1679A26FCE}.Debug|Any CPU.Build.0 = Debug|Any CPU
		{8071AC5C-387C-495C-BFAF-7E1679A26FCE}.Release|Any CPU.ActiveCfg = Release|Any CPU
		{8071AC5C-387C-495C-BFAF-7E1679A26FCE}.Release|Any CPU.Build.0 = Release|Any CPU
	EndGlobalSection
	GlobalSection(SolutionProperties) = preSolution
		HideSolutionNode = FALSE
	EndGlobalSection
	GlobalSection(ExtensibilityGlobals) = postSolution
		SolutionGuid = {87002205-07B0-43B3-8DE2-07BD2C6F5EA9}
	EndGlobalSection
EndGlobal
