
Microsoft Visual Studio Solution File, Format Version 12.00
# Visual Studio 15
VisualStudioVersion = 15.0.28010.2003
MinimumVisualStudioVersion = 10.0.40219.1
Project("{9A19103F-16F7-4668-BE54-9A1E7A4F7556}") = "NFT-API", "NFT-API\NFT-API.csproj", "{E2CB23E2-3C64-4852-BB35-26583D5431EA}"
EndProject
Project("{9A19103F-16F7-4668-BE54-9A1E7A4F7556}") = "NFT-Test", "NFT-Test\NFT-Test.csproj", "{5B714A53-59B1-4409-BECE-1F902E56F0B0}"
EndProject
Global
	GlobalSection(SolutionConfigurationPlatforms) = preSolution
		Debug|Any CPU = Debug|Any CPU
		Release|Any CPU = Release|Any CPU
	EndGlobalSection
	GlobalSection(ProjectConfigurationPlatforms) = postSolution
		{E2CB23E2-3C64-4852-BB35-26583D5431EA}.Debug|Any CPU.ActiveCfg = Debug|Any CPU
		{E2CB23E2-3C64-4852-BB35-26583D5431EA}.Debug|Any CPU.Build.0 = Debug|Any CPU
		{E2CB23E2-3C64-4852-BB35-26583D5431EA}.Release|Any CPU.ActiveCfg = Release|Any CPU
		{E2CB23E2-3C64-4852-BB35-26583D5431EA}.Release|Any CPU.Build.0 = Release|Any CPU
		{5B714A53-59B1-4409-BECE-1F902E56F0B0}.Debug|Any CPU.ActiveCfg = Debug|Any CPU
		{5B714A53-59B1-4409-BECE-1F902E56F0B0}.Debug|Any CPU.Build.0 = Debug|Any CPU
		{5B714A53-59B1-4409-BECE-1F902E56F0B0}.Release|Any CPU.ActiveCfg = Release|Any CPU
		{5B714A53-59B1-4409-BECE-1F902E56F0B0}.Release|Any CPU.Build.0 = Release|Any CPU
	EndGlobalSection
	GlobalSection(SolutionProperties) = preSolution
		HideSolutionNode = FALSE
	EndGlobalSection
	GlobalSection(ExtensibilityGlobals) = postSolution
		SolutionGuid = {A488D304-E714-4DBE-B3A3-FC60EDE7572C}
	EndGlobalSection
EndGlobal
